
Microsoft Visual Studio Solution File, Format Version 12.00
# Visual Studio Version 17
VisualStudioVersion = 17.4.33205.214
MinimumVisualStudioVersion = 10.0.40219.1
Project("{FAE04EC0-301F-11D3-BF4B-00C04F79EFBC}") = "ControlOnlineTest", "ControlOnlineTest\ControlOnlineTest.csproj", "{255B9B56-A1E6-44E1-8FFD-AE4C1A14E003}"
EndProject
Global
	GlobalSection(SolutionConfigurationPlatforms) = preSolution
		Debug|Any CPU = Debug|Any CPU
		Release|Any CPU = Release|Any CPU
	EndGlobalSection
	GlobalSection(ProjectConfigurationPlatforms) = postSolution
		{255B9B56-A1E6-44E1-8FFD-AE4C1A14E003}.Debug|Any CPU.ActiveCfg = Debug|Any CPU
		{255B9B56-A1E6-44E1-8FFD-AE4C1A14E003}.Debug|Any CPU.Build.0 = Debug|Any CPU
		{255B9B56-A1E6-44E1-8FFD-AE4C1A14E003}.Release|Any CPU.ActiveCfg = Release|Any CPU
		{255B9B56-A1E6-44E1-8FFD-AE4C1A14E003}.Release|Any CPU.Build.0 = Release|Any CPU
	EndGlobalSection
	GlobalSection(SolutionProperties) = preSolution
		HideSolutionNode = FALSE
	EndGlobalSection
	GlobalSection(ExtensibilityGlobals) = postSolution
		SolutionGuid = {002D2F96-1B81-496C-85DD-0515B905FA01}
	EndGlobalSection
EndGlobal
